PODS:
  - CocoaAsyncSocket (7.6.5)
  - CocoaLumberjack (3.7.4):
    - CocoaLumberjack/Core (= 3.7.4)
  - CocoaLumberjack/Core (3.7.4)
  - Flutter (1.0.0)
  - GCDWebServer (3.5.4):
    - GCDWebServer/Core (= 3.5.4)
  - GCDWebServer/Core (3.5.4)
  - GoogleWebRTC (1.1.31999)
  - path_provider_ios (0.0.1):
    - Flutter
  - PINCache (3.0.3):
    - PINCache/Arc-exception-safe (= 3.0.3)
    - PINCache/Core (= 3.0.3)
  - PINCache/Arc-exception-safe (3.0.3):
    - PINCache/Core
  - PINCache/Core (3.0.3):
    - PINOperation (~> 1.2.1)
  - PINOperation (1.2.1)
  - SocketRocket (0.6.0)
  - swarm_cloud (0.0.1):
    - Flutter
    - SwarmCloudSDK (= 2.5.0)
  - SwarmCloudSDK (2.5.0):
    - CocoaAsyncSocket (~> 7.6)
    - CocoaLumberjack (~> 3.7)
    - GCDWebServer (~> 3.5)
    - GoogleWebRTC (= 1.1.31999)
    - PINCache (~> 3.0)
    - SocketRocket (~> 0.6)
  - video_player_avfoundation (0.0.1):
    - Flutter

DEPENDENCIES:
  - Flutter (from `Flutter`)
  - path_provider_ios (from `.symlinks/plugins/path_provider_ios/ios`)
  - swarm_cloud (from `.symlinks/plugins/swarm_cloud/ios`)
  - video_player_avfoundation (from `.symlinks/plugins/video_player_avfoundation/ios`)

SPEC REPOS:
  trunk:
    - CocoaAsyncSocket
    - CocoaLumberjack
    - GCDWebServer
    - GoogleWebRTC
    - PINCache
    - PINOperation
    - SocketRocket
    - SwarmCloudSDK

EXTERNAL SOURCES:
  Flutter:
    :path: Flutter
  path_provider_ios:
    :path: ".symlinks/plugins/path_provider_ios/ios"
  swarm_cloud:
    :path: ".symlinks/plugins/swarm_cloud/ios"
  video_player_avfoundation:
    :path: ".symlinks/plugins/video_player_avfoundation/ios"

SPEC CHECKSUMS:
  CocoaAsyncSocket: 065fd1e645c7abab64f7a6a2007a48038fdc6a99
  CocoaLumberjack: 543c79c114dadc3b1aba95641d8738b06b05b646
  Flutter: 50d75fe2f02b26cc09d224853bb45737f8b3214a
  GCDWebServer: 2c156a56c8226e2d5c0c3f208a3621ccffbe3ce4
  GoogleWebRTC: b39a78c4f5cc6b0323415b9233db03a2faa7b0f0
  path_provider_ios: 14f3d2fd28c4fdb42f44e0f751d12861c43cee02
  PINCache: 7a8fc1a691173d21dbddbf86cd515de6efa55086
  PINOperation: 00c935935f1e8cf0d1e2d6b542e75b88fc3e5e20
  SocketRocket: fccef3f9c5cedea1353a9ef6ada904fde10d6608
  swarm_cloud: f1bcfc34ae3c53bab9decf6e08d73edd85d9c478
  SwarmCloudSDK: db157d67002b560cc929f37e9d8a047691d7f519
  video_player_avfoundation: e489aac24ef5cf7af82702979ed16f2a5ef84cff

PODFILE CHECKSUM: 877549d60dc5f0566810f88c974bc91e58ee24c7

COCOAPODS: 1.11.3
